
Microsoft Visual Studio Solution File, Format Version 12.00
# Visual Studio 14
VisualStudioVersion = 14.0.25420.1
MinimumVisualStudioVersion = 10.0.40219.1
Project("{8BC9CEB8-8B4A-11D0-8D11-00A0C91BC942}") = "TypeTable", "TypeTable\TypeTable.vcxproj", "{E6645BA1-87A9-4D92-B52F-138DBB0CAA40}"
EndProject
Project("{8BC9CEB8-8B4A-11D0-8D11-00A0C91BC942}") = "TypeAnalysis", "TypeAnalysis\TypeAnalysis.vcxproj", "{55038AF9-0E5A-46EE-A5BB-86CED8F5B9FE}"
EndProject
Project("{8BC9CEB8-8B4A-11D0-8D11-00A0C91BC942}") = "Utilities", "Utilities\Utilities.vcxproj", "{9F38F0E3-38C3-491E-B1D3-984098E886F2}"
EndProject
Project("{8BC9CEB8-8B4A-11D0-8D11-00A0C91BC942}") = "CodeAnalyzer", "CodeAnalyzer\CodeAnalyzer.vcxproj", "{3E3D42B8-C93E-422C-A09B-47E4AAE472BF}"
EndProject
Project("{8BC9CEB8-8B4A-11D0-8D11-00A0C91BC942}") = "DependencyAnalyzer", "DependencyAnalyzer\DependencyAnalyzer.vcxproj", "{180B2929-1FF7-4FC2-865C-F71C21E4F782}"
EndProject
Project("{8BC9CEB8-8B4A-11D0-8D11-00A0C91BC942}") = "Publisher", "Publisher\Publisher.vcxproj", "{5166261E-CBD5-4491-8708-52D4BDBCC774}"
EndProject
Project("{8BC9CEB8-8B4A-11D0-8D11-00A0C91BC942}") = "WindowsHelpers", "WindowsHelpers\WindowsHelpers.vcxproj", "{49DDAF86-624C-4475-9632-24CABE891415}"
EndProject
Project("{8BC9CEB8-8B4A-11D0-8D11-00A0C91BC942}") = "Sockets", "Sockets\Sockets.vcxproj", "{3023902E-1068-4396-A85F-692CB286AEBD}"
EndProject
Project("{8BC9CEB8-8B4A-11D0-8D11-00A0C91BC942}") = "HttpMessage", "HttpMessage\HttpMessage.vcxproj", "{B16C558A-1E87-4A9E-B0C1-79EB30FDF6B1}"
EndProject
Project("{8BC9CEB8-8B4A-11D0-8D11-00A0C91BC942}") = "Server", "Server\Server.vcxproj", "{4FC8E05C-10CB-4372-9233-21B2E2A0D061}"
EndProject
Project("{8BC9CEB8-8B4A-11D0-8D11-00A0C91BC942}") = "Cpp11-BlockingQueue", "Cpp11-BlockingQueue\Cpp11-BlockingQueue.vcxproj", "{B19C0BA3-9262-43FF-8DAE-3B3790304428}"
EndProject
Project("{8BC9CEB8-8B4A-11D0-8D11-00A0C91BC942}") = "Channel", "Channel\Channel.vcxproj", "{C6018DE3-2F65-400E-BB8B-838CD8840E64}"
EndProject
Project("{8BC9CEB8-8B4A-11D0-8D11-00A0C91BC942}") = "Client1", "Client1\Client1.vcxproj", "{41D5CF76-424C-4747-9A91-5C5896DF3E3D}"
EndProject
Project("{8BC9CEB8-8B4A-11D0-8D11-00A0C91BC942}") = "MsgClient", "MsgClient\MsgClient.vcxproj", "{35BF5C07-BA9D-4A26-BEAA-ED6908111B48}"
EndProject
Global
	GlobalSection(SolutionConfigurationPlatforms) = preSolution
		Debug|x64 = Debug|x64
		Debug|x86 = Debug|x86
		Release|x64 = Release|x64
		Release|x86 = Release|x86
	EndGlobalSection
	GlobalSection(ProjectConfigurationPlatforms) = postSolution
		{E6645BA1-87A9-4D92-B52F-138DBB0CAA40}.Debug|x64.ActiveCfg = Debug|x64
		{E6645BA1-87A9-4D92-B52F-138DBB0CAA40}.Debug|x64.Build.0 = Debug|x64
		{E6645BA1-87A9-4D92-B52F-138DBB0CAA40}.Debug|x86.ActiveCfg = Debug|Win32
		{E6645BA1-87A9-4D92-B52F-138DBB0CAA40}.Debug|x86.Build.0 = Debug|Win32
		{E6645BA1-87A9-4D92-B52F-138DBB0CAA40}.Release|x64.ActiveCfg = Release|x64
		{E6645BA1-87A9-4D92-B52F-138DBB0CAA40}.Release|x64.Build.0 = Release|x64
		{E6645BA1-87A9-4D92-B52F-138DBB0CAA40}.Release|x86.ActiveCfg = Release|Win32
		{E6645BA1-87A9-4D92-B52F-138DBB0CAA40}.Release|x86.Build.0 = Release|Win32
		{55038AF9-0E5A-46EE-A5BB-86CED8F5B9FE}.Debug|x64.ActiveCfg = Debug|x64
		{55038AF9-0E5A-46EE-A5BB-86CED8F5B9FE}.Debug|x64.Build.0 = Debug|x64
		{55038AF9-0E5A-46EE-A5BB-86CED8F5B9FE}.Debug|x86.ActiveCfg = Debug|Win32
		{55038AF9-0E5A-46EE-A5BB-86CED8F5B9FE}.Debug|x86.Build.0 = Debug|Win32
		{55038AF9-0E5A-46EE-A5BB-86CED8F5B9FE}.Release|x64.ActiveCfg = Release|x64
		{55038AF9-0E5A-46EE-A5BB-86CED8F5B9FE}.Release|x64.Build.0 = Release|x64
		{55038AF9-0E5A-46EE-A5BB-86CED8F5B9FE}.Release|x86.ActiveCfg = Release|Win32
		{55038AF9-0E5A-46EE-A5BB-86CED8F5B9FE}.Release|x86.Build.0 = Release|Win32
		{9F38F0E3-38C3-491E-B1D3-984098E886F2}.Debug|x64.ActiveCfg = Debug|x64
		{9F38F0E3-38C3-491E-B1D3-984098E886F2}.Debug|x64.Build.0 = Debug|x64
		{9F38F0E3-38C3-491E-B1D3-984098E886F2}.Debug|x86.ActiveCfg = Debug|Win32
		{9F38F0E3-38C3-491E-B1D3-984098E886F2}.Debug|x86.Build.0 = Debug|Win32
		{9F38F0E3-38C3-491E-B1D3-984098E886F2}.Release|x64.ActiveCfg = Release|x64
		{9F38F0E3-38C3-491E-B1D3-984098E886F2}.Release|x64.Build.0 = Release|x64
		{9F38F0E3-38C3-491E-B1D3-984098E886F2}.Release|x86.ActiveCfg = Release|Win32
		{9F38F0E3-38C3-491E-B1D3-984098E886F2}.Release|x86.Build.0 = Release|Win32
		{3E3D42B8-C93E-422C-A09B-47E4AAE472BF}.Debug|x64.ActiveCfg = Debug|x64
		{3E3D42B8-C93E-422C-A09B-47E4AAE472BF}.Debug|x64.Build.0 = Debug|x64
		{3E3D42B8-C93E-422C-A09B-47E4AAE472BF}.Debug|x86.ActiveCfg = Debug|Win32
		{3E3D42B8-C93E-422C-A09B-47E4AAE472BF}.Debug|x86.Build.0 = Debug|Win32
		{3E3D42B8-C93E-422C-A09B-47E4AAE472BF}.Release|x64.ActiveCfg = Release|x64
		{3E3D42B8-C93E-422C-A09B-47E4AAE472BF}.Release|x64.Build.0 = Release|x64
		{3E3D42B8-C93E-422C-A09B-47E4AAE472BF}.Release|x86.ActiveCfg = Release|Win32
		{3E3D42B8-C93E-422C-A09B-47E4AAE472BF}.Release|x86.Build.0 = Release|Win32
		{180B2929-1FF7-4FC2-865C-F71C21E4F782}.Debug|x64.ActiveCfg = Debug|x64
		{180B2929-1FF7-4FC2-865C-F71C21E4F782}.Debug|x64.Build.0 = Debug|x64
		{180B2929-1FF7-4FC2-865C-F71C21E4F782}.Debug|x86.ActiveCfg = Debug|Win32
		{180B2929-1FF7-4FC2-865C-F71C21E4F782}.Debug|x86.Build.0 = Debug|Win32
		{180B2929-1FF7-4FC2-865C-F71C21E4F782}.Release|x64.ActiveCfg = Release|x64
		{180B2929-1FF7-4FC2-865C-F71C21E4F782}.Release|x64.Build.0 = Release|x64
		{180B2929-1FF7-4FC2-865C-F71C21E4F782}.Release|x86.ActiveCfg = Release|Win32
		{180B2929-1FF7-4FC2-865C-F71C21E4F782}.Release|x86.Build.0 = Release|Win32
		{5166261E-CBD5-4491-8708-52D4BDBCC774}.Debug|x64.ActiveCfg = Debug|x64
		{5166261E-CBD5-4491-8708-52D4BDBCC774}.Debug|x64.Build.0 = Debug|x64
		{5166261E-CBD5-4491-8708-52D4BDBCC774}.Debug|x86.ActiveCfg = Debug|Win32
		{5166261E-CBD5-4491-8708-52D4BDBCC774}.Debug|x86.Build.0 = Debug|Win32
		{5166261E-CBD5-4491-8708-52D4BDBCC774}.Release|x64.ActiveCfg = Release|x64
		{5166261E-CBD5-4491-8708-52D4BDBCC774}.Release|x64.Build.0 = Release|x64
		{5166261E-CBD5-4491-8708-52D4BDBCC774}.Release|x86.ActiveCfg = Release|Win32
		{5166261E-CBD5-4491-8708-52D4BDBCC774}.Release|x86.Build.0 = Release|Win32
		{49DDAF86-624C-4475-9632-24CABE891415}.Debug|x64.ActiveCfg = Debug|x64
		{49DDAF86-624C-4475-9632-24CABE891415}.Debug|x64.Build.0 = Debug|x64
		{49DDAF86-624C-4475-9632-24CABE891415}.Debug|x86.ActiveCfg = Debug|Win32
		{49DDAF86-624C-4475-9632-24CABE891415}.Debug|x86.Build.0 = Debug|Win32
		{49DDAF86-624C-4475-9632-24CABE891415}.Release|x64.ActiveCfg = Release|x64
		{49DDAF86-624C-4475-9632-24CABE891415}.Release|x64.Build.0 = Release|x64
		{49DDAF86-624C-4475-9632-24CABE891415}.Release|x86.ActiveCfg = Release|Win32
		{49DDAF86-624C-4475-9632-24CABE891415}.Release|x86.Build.0 = Release|Win32
		{3023902E-1068-4396-A85F-692CB286AEBD}.Debug|x64.ActiveCfg = Debug|x64
		{3023902E-1068-4396-A85F-692CB286AEBD}.Debug|x64.Build.0 = Debug|x64
		{3023902E-1068-4396-A85F-692CB286AEBD}.Debug|x86.ActiveCfg = Debug|Win32
		{3023902E-1068-4396-A85F-692CB286AEBD}.Debug|x86.Build.0 = Debug|Win32
		{3023902E-1068-4396-A85F-692CB286AEBD}.Release|x64.ActiveCfg = Release|x64
		{3023902E-1068-4396-A85F-692CB286AEBD}.Release|x64.Build.0 = Release|x64
		{3023902E-1068-4396-A85F-692CB286AEBD}.Release|x86.ActiveCfg = Release|Win32
		{3023902E-1068-4396-A85F-692CB286AEBD}.Release|x86.Build.0 = Release|Win32
		{B16C558A-1E87-4A9E-B0C1-79EB30FDF6B1}.Debug|x64.ActiveCfg = Debug|x64
		{B16C558A-1E87-4A9E-B0C1-79EB30FDF6B1}.Debug|x64.Build.0 = Debug|x64
		{B16C558A-1E87-4A9E-B0C1-79EB30FDF6B1}.Debug|x86.ActiveCfg = Debug|Win32
		{B16C558A-1E87-4A9E-B0C1-79EB30FDF6B1}.Debug|x86.Build.0 = Debug|Win32
		{B16C558A-1E87-4A9E-B0C1-79EB30FDF6B1}.Release|x64.ActiveCfg = Release|x64
		{B16C558A-1E87-4A9E-B0C1-79EB30FDF6B1}.Release|x64.Build.0 = Release|x64
		{B16C558A-1E87-4A9E-B0C1-79EB30FDF6B1}.Release|x86.ActiveCfg = Release|Win32
		{B16C558A-1E87-4A9E-B0C1-79EB30FDF6B1}.Release|x86.Build.0 = Release|Win32
		{4FC8E05C-10CB-4372-9233-21B2E2A0D061}.Debug|x64.ActiveCfg = Debug|x64
		{4FC8E05C-10CB-4372-9233-21B2E2A0D061}.Debug|x64.Build.0 = Debug|x64
		{4FC8E05C-10CB-4372-9233-21B2E2A0D061}.Debug|x86.ActiveCfg = Debug|Win32
		{4FC8E05C-10CB-4372-9233-21B2E2A0D061}.Debug|x86.Build.0 = Debug|Win32
		{4FC8E05C-10CB-4372-9233-21B2E2A0D061}.Release|x64.ActiveCfg = Release|x64
		{4FC8E05C-10CB-4372-9233-21B2E2A0D061}.Release|x64.Build.0 = Release|x64
		{4FC8E05C-10CB-4372-9233-21B2E2A0D061}.Release|x86.ActiveCfg = Release|Win32
		{4FC8E05C-10CB-4372-9233-21B2E2A0D061}.Release|x86.Build.0 = Release|Win32
		{B19C0BA3-9262-43FF-8DAE-3B3790304428}.Debug|x64.ActiveCfg = Debug|x64
		{B19C0BA3-9262-43FF-8DAE-3B3790304428}.Debug|x64.Build.0 = Debug|x64
		{B19C0BA3-9262-43FF-8DAE-3B3790304428}.Debug|x86.ActiveCfg = Debug|Win32
		{B19C0BA3-9262-43FF-8DAE-3B3790304428}.Debug|x86.Build.0 = Debug|Win32
		{B19C0BA3-9262-43FF-8DAE-3B3790304428}.Release|x64.ActiveCfg = Release|x64
		{B19C0BA3-9262-43FF-8DAE-3B3790304428}.Release|x64.Build.0 = Release|x64
		{B19C0BA3-9262-43FF-8DAE-3B3790304428}.Release|x86.ActiveCfg = Release|Win32
		{B19C0BA3-9262-43FF-8DAE-3B3790304428}.Release|x86.Build.0 = Release|Win32
		{C6018DE3-2F65-400E-BB8B-838CD8840E64}.Debug|x64.ActiveCfg = Debug|x64
		{C6018DE3-2F65-400E-BB8B-838CD8840E64}.Debug|x64.Build.0 = Debug|x64
		{C6018DE3-2F65-400E-BB8B-838CD8840E64}.Debug|x86.ActiveCfg = Debug|Win32
		{C6018DE3-2F65-400E-BB8B-838CD8840E64}.Debug|x86.Build.0 = Debug|Win32
		{C6018DE3-2F65-400E-BB8B-838CD8840E64}.Release|x64.ActiveCfg = Release|x64
		{C6018DE3-2F65-400E-BB8B-838CD8840E64}.Release|x64.Build.0 = Release|x64
		{C6018DE3-2F65-400E-BB8B-838CD8840E64}.Release|x86.ActiveCfg = Release|Win32
		{C6018DE3-2F65-400E-BB8B-838CD8840E64}.Release|x86.Build.0 = Release|Win32
		{41D5CF76-424C-4747-9A91-5C5896DF3E3D}.Debug|x64.ActiveCfg = Debug|x64
		{41D5CF76-424C-4747-9A91-5C5896DF3E3D}.Debug|x64.Build.0 = Debug|x64
		{41D5CF76-424C-4747-9A91-5C5896DF3E3D}.Debug|x86.ActiveCfg = Debug|Win32
		{41D5CF76-424C-4747-9A91-5C5896DF3E3D}.Debug|x86.Build.0 = Debug|Win32
		{41D5CF76-424C-4747-9A91-5C5896DF3E3D}.Release|x64.ActiveCfg = Release|x64
		{41D5CF76-424C-4747-9A91-5C5896DF3E3D}.Release|x64.Build.0 = Release|x64
		{41D5CF76-424C-4747-9A91-5C5896DF3E3D}.Release|x86.ActiveCfg = Release|Win32
		{41D5CF76-424C-4747-9A91-5C5896DF3E3D}.Release|x86.Build.0 = Release|Win32
		{35BF5C07-BA9D-4A26-BEAA-ED6908111B48}.Debug|x64.ActiveCfg = Debug|x64
		{35BF5C07-BA9D-4A26-BEAA-ED6908111B48}.Debug|x64.Build.0 = Debug|x64
		{35BF5C07-BA9D-4A26-BEAA-ED6908111B48}.Debug|x86.ActiveCfg = Debug|Win32
		{35BF5C07-BA9D-4A26-BEAA-ED6908111B48}.Debug|x86.Build.0 = Debug|Win32
		{35BF5C07-BA9D-4A26-BEAA-ED6908111B48}.Release|x64.ActiveCfg = Release|x64
		{35BF5C07-BA9D-4A26-BEAA-ED6908111B48}.Release|x64.Build.0 = Release|x64
		{35BF5C07-BA9D-4A26-BEAA-ED6908111B48}.Release|x86.ActiveCfg = Release|Win32
		{35BF5C07-BA9D-4A26-BEAA-ED6908111B48}.Release|x86.Build.0 = Release|Win32
	EndGlobalSection
	GlobalSection(SolutionProperties) = preSolution
		HideSolutionNode = FALSE
	EndGlobalSection
EndGlobal
